
Microsoft Visual Studio Solution File, Format Version 12.00
# Visual Studio Version 17
VisualStudioVersion = 17.1.31903.286
MinimumVisualStudioVersion = 17.1.31903.286
Project("{FAE04EC0-301F-11D3-BF4B-00C04F79EFBC}") = "BlazorMovie.API", "BlazorMovie.API\BlazorMovie.API.csproj", "{34E0502B-BD86-4014-975B-13EA33476707}"
EndProject
Project("{FAE04EC0-301F-11D3-BF4B-00C04F79EFBC}") = "BlazorMovie.Entities", "BlazorMovie.Entities\BlazorMovie.Entities.csproj", "{68B2333B-20B2-4FD0-8AB4-0FEF04E72B06}"
EndProject
Project("{FAE04EC0-301F-11D3-BF4B-00C04F79EFBC}") = "BlazorMovie.Repositories", "BlazorMovie.Repositories\BlazorMovie.Repositories.csproj", "{C9561B52-B553-47D1-8FC8-98E569C6D96B}"
EndProject
Global
	GlobalSection(SolutionConfigurationPlatforms) = preSolution
		Debug|Any CPU = Debug|Any CPU
		Release|Any CPU = Release|Any CPU
	EndGlobalSection
	GlobalSection(ProjectConfigurationPlatforms) = postSolution
		{34E0502B-BD86-4014-975B-13EA33476707}.Debug|Any CPU.ActiveCfg = Debug|Any CPU
		{34E0502B-BD86-4014-975B-13EA33476707}.Debug|Any CPU.Build.0 = Debug|Any CPU
		{34E0502B-BD86-4014-975B-13EA33476707}.Release|Any CPU.ActiveCfg = Release|Any CPU
		{34E0502B-BD86-4014-975B-13EA33476707}.Release|Any CPU.Build.0 = Release|Any CPU
		{68B2333B-20B2-4FD0-8AB4-0FEF04E72B06}.Debug|Any CPU.ActiveCfg = Debug|Any CPU
		{68B2333B-20B2-4FD0-8AB4-0FEF04E72B06}.Debug|Any CPU.Build.0 = Debug|Any CPU
		{68B2333B-20B2-4FD0-8AB4-0FEF04E72B06}.Release|Any CPU.ActiveCfg = Release|Any CPU
		{68B2333B-20B2-4FD0-8AB4-0FEF04E72B06}.Release|Any CPU.Build.0 = Release|Any CPU
		{C9561B52-B553-47D1-8FC8-98E569C6D96B}.Debug|Any CPU.ActiveCfg = Debug|Any CPU
		{C9561B52-B553-47D1-8FC8-98E569C6D96B}.Debug|Any CPU.Build.0 = Debug|Any CPU
		{C9561B52-B553-47D1-8FC8-98E569C6D96B}.Release|Any CPU.ActiveCfg = Release|Any CPU
		{C9561B52-B553-47D1-8FC8-98E569C6D96B}.Release|Any CPU.Build.0 = Release|Any CPU
	EndGlobalSection
	GlobalSection(SolutionProperties) = preSolution
		HideSolutionNode = FALSE
	EndGlobalSection
	GlobalSection(ExtensibilityGlobals) = postSolution
		SolutionGuid = {A748C2F2-CAEC-4A4C-8E69-55A1BFCA77C3}
	EndGlobalSection
EndGlobal
