
Microsoft Visual Studio Solution File, Format Version 12.00
# Visual Studio Version 17
VisualStudioVersion = 17.1.31903.286
MinimumVisualStudioVersion = 17.1.31903.286
Project("{9A19103F-16F7-4668-BE54-9A1E7A4F7556}") = "BlazorMovie.Server", "BlazorMovie\Server\BlazorMovie.Server.csproj", "{BDEDC1E6-BF8C-4EEE-8427-51B34C9DF232}"
EndProject
Project("{9A19103F-16F7-4668-BE54-9A1E7A4F7556}") = "BlazorMovie.Shared", "BlazorMovie\Shared\BlazorMovie.Shared.csproj", "{68B04E57-C5F7-4EA9-B811-CE1919F62977}"
EndProject
Project("{9A19103F-16F7-4668-BE54-9A1E7A4F7556}") = "BlazorMovie.Client", "BlazorMovie\Client\BlazorMovie.Client.csproj", "{396C7F6E-A7BB-4C71-AB29-65A7B2FC635E}"
EndProject
Project("{9A19103F-16F7-4668-BE54-9A1E7A4F7556}") = "MovieClient", "BlazorMovie\MovieClient\MovieClient.csproj", "{1CB996A6-3E3F-4CBB-B816-C936880FAF89}"
EndProject
Global
	GlobalSection(SolutionConfigurationPlatforms) = preSolution
		Debug|Any CPU = Debug|Any CPU
		Release|Any CPU = Release|Any CPU
	EndGlobalSection
	GlobalSection(ProjectConfigurationPlatforms) = postSolution
		{BDEDC1E6-BF8C-4EEE-8427-51B34C9DF232}.Debug|Any CPU.ActiveCfg = Debug|Any CPU
		{BDEDC1E6-BF8C-4EEE-8427-51B34C9DF232}.Debug|Any CPU.Build.0 = Debug|Any CPU
		{BDEDC1E6-BF8C-4EEE-8427-51B34C9DF232}.Release|Any CPU.ActiveCfg = Release|Any CPU
		{BDEDC1E6-BF8C-4EEE-8427-51B34C9DF232}.Release|Any CPU.Build.0 = Release|Any CPU
		{68B04E57-C5F7-4EA9-B811-CE1919F62977}.Debug|Any CPU.ActiveCfg = Debug|Any CPU
		{68B04E57-C5F7-4EA9-B811-CE1919F62977}.Debug|Any CPU.Build.0 = Debug|Any CPU
		{68B04E57-C5F7-4EA9-B811-CE1919F62977}.Release|Any CPU.ActiveCfg = Release|Any CPU
		{68B04E57-C5F7-4EA9-B811-CE1919F62977}.Release|Any CPU.Build.0 = Release|Any CPU
		{396C7F6E-A7BB-4C71-AB29-65A7B2FC635E}.Debug|Any CPU.ActiveCfg = Debug|Any CPU
		{396C7F6E-A7BB-4C71-AB29-65A7B2FC635E}.Debug|Any CPU.Build.0 = Debug|Any CPU
		{396C7F6E-A7BB-4C71-AB29-65A7B2FC635E}.Release|Any CPU.ActiveCfg = Release|Any CPU
		{396C7F6E-A7BB-4C71-AB29-65A7B2FC635E}.Release|Any CPU.Build.0 = Release|Any CPU
		{1CB996A6-3E3F-4CBB-B816-C936880FAF89}.Debug|Any CPU.ActiveCfg = Debug|Any CPU
		{1CB996A6-3E3F-4CBB-B816-C936880FAF89}.Debug|Any CPU.Build.0 = Debug|Any CPU
		{1CB996A6-3E3F-4CBB-B816-C936880FAF89}.Release|Any CPU.ActiveCfg = Release|Any CPU
		{1CB996A6-3E3F-4CBB-B816-C936880FAF89}.Release|Any CPU.Build.0 = Release|Any CPU
	EndGlobalSection
	GlobalSection(SolutionProperties) = preSolution
		HideSolutionNode = FALSE
	EndGlobalSection
	GlobalSection(ExtensibilityGlobals) = postSolution
		SolutionGuid = {A748C2F2-CAEC-4A4C-8E69-55A1BFCA77C3}
	EndGlobalSection
EndGlobal
