
Microsoft Visual Studio Solution File, Format Version 12.00
# Visual Studio Version 17
VisualStudioVersion = 17.0.31710.8
MinimumVisualStudioVersion = 10.0.40219.1
Project("{9A19103F-16F7-4668-BE54-9A1E7A4F7556}") = "MauiApp2", "MauiApp2\MauiApp2\MauiApp2.csproj", "{B62BD9C2-0D6B-473A-844E-B70E0893C145}"
EndProject
Project("{9A19103F-16F7-4668-BE54-9A1E7A4F7556}") = "BlazorApp3.Shared", "MauiApp2\Shared\BlazorApp3.Shared.csproj", "{51430446-EF53-41ED-905A-7ACEC2F9A364}"
EndProject
Global
	GlobalSection(SolutionConfigurationPlatforms) = preSolution
		Debug|Any CPU = Debug|Any CPU
		Release|Any CPU = Release|Any CPU
	EndGlobalSection
	GlobalSection(ProjectConfigurationPlatforms) = postSolution
		{B62BD9C2-0D6B-473A-844E-B70E0893C145}.Debug|Any CPU.ActiveCfg = Debug|Any CPU
		{B62BD9C2-0D6B-473A-844E-B70E0893C145}.Debug|Any CPU.Build.0 = Debug|Any CPU
		{B62BD9C2-0D6B-473A-844E-B70E0893C145}.Debug|Any CPU.Deploy.0 = Debug|Any CPU
		{B62BD9C2-0D6B-473A-844E-B70E0893C145}.Release|Any CPU.ActiveCfg = Release|Any CPU
		{B62BD9C2-0D6B-473A-844E-B70E0893C145}.Release|Any CPU.Build.0 = Release|Any CPU
		{B62BD9C2-0D6B-473A-844E-B70E0893C145}.Release|Any CPU.Deploy.0 = Release|Any CPU
		{51430446-EF53-41ED-905A-7ACEC2F9A364}.Debug|Any CPU.ActiveCfg = Debug|Any CPU
		{51430446-EF53-41ED-905A-7ACEC2F9A364}.Debug|Any CPU.Build.0 = Debug|Any CPU
		{51430446-EF53-41ED-905A-7ACEC2F9A364}.Release|Any CPU.ActiveCfg = Release|Any CPU
		{51430446-EF53-41ED-905A-7ACEC2F9A364}.Release|Any CPU.Build.0 = Release|Any CPU
	EndGlobalSection
	GlobalSection(SolutionProperties) = preSolution
		HideSolutionNode = FALSE
	EndGlobalSection
	GlobalSection(ExtensibilityGlobals) = postSolution
		SolutionGuid = {7156E826-A18F-467C-A1F5-49DAB924D580}
	EndGlobalSection
EndGlobal
