
Microsoft Visual Studio Solution File, Format Version 12.00
# Visual Studio Version 17
VisualStudioVersion = 17.0.31710.8
MinimumVisualStudioVersion = 10.0.40219.1
Project("{FAE04EC0-301F-11D3-BF4B-00C04F79EFBC}") = "MauiApp2", "MauiApp2\MauiApp2.csproj", "{6BFB0F12-05E2-480C-9B02-C644725C19D9}"
EndProject
Project("{9A19103F-16F7-4668-BE54-9A1E7A4F7556}") = "BlazorApp3.Shared", "Shared\BlazorApp3.Shared.csproj", "{8889E5D7-FC27-438D-8737-CF7325A55617}"
EndProject
Global
	GlobalSection(SolutionConfigurationPlatforms) = preSolution
		Debug|Any CPU = Debug|Any CPU
		Release|Any CPU = Release|Any CPU
	EndGlobalSection
	GlobalSection(ProjectConfigurationPlatforms) = postSolution
		{6BFB0F12-05E2-480C-9B02-C644725C19D9}.Debug|Any CPU.ActiveCfg = Debug|Any CPU
		{6BFB0F12-05E2-480C-9B02-C644725C19D9}.Debug|Any CPU.Build.0 = Debug|Any CPU
		{6BFB0F12-05E2-480C-9B02-C644725C19D9}.Debug|Any CPU.Deploy.0 = Debug|Any CPU
		{6BFB0F12-05E2-480C-9B02-C644725C19D9}.Release|Any CPU.ActiveCfg = Release|Any CPU
		{6BFB0F12-05E2-480C-9B02-C644725C19D9}.Release|Any CPU.Build.0 = Release|Any CPU
		{6BFB0F12-05E2-480C-9B02-C644725C19D9}.Release|Any CPU.Deploy.0 = Release|Any CPU
		{8889E5D7-FC27-438D-8737-CF7325A55617}.Debug|Any CPU.ActiveCfg = Debug|Any CPU
		{8889E5D7-FC27-438D-8737-CF7325A55617}.Debug|Any CPU.Build.0 = Debug|Any CPU
		{8889E5D7-FC27-438D-8737-CF7325A55617}.Release|Any CPU.ActiveCfg = Release|Any CPU
		{8889E5D7-FC27-438D-8737-CF7325A55617}.Release|Any CPU.Build.0 = Release|Any CPU
	EndGlobalSection
	GlobalSection(SolutionProperties) = preSolution
		HideSolutionNode = FALSE
	EndGlobalSection
	GlobalSection(ExtensibilityGlobals) = postSolution
		SolutionGuid = {7156E826-A18F-467C-A1F5-49DAB924D580}
	EndGlobalSection
EndGlobal
